
Microsoft Visual Studio Solution File, Format Version 12.00
# Visual Studio Version 17
VisualStudioVersion = 17.13.35919.96 d17.13
MinimumVisualStudioVersion = 10.0.40219.1
Project("{FAE04EC0-301F-11D3-BF4B-00C04F79EFBC}") = "WageManager", "WageManager.csproj", "{63796D77-8C24-492F-AA5D-1F1AD66C2571}"
EndProject
Global
	GlobalSection(SolutionConfigurationPlatforms) = preSolution
		Debug|Any CPU = Debug|Any CPU
		Release|Any CPU = Release|Any CPU
	EndGlobalSection
	GlobalSection(ProjectConfigurationPlatforms) = postSolution
		{63796D77-8C24-492F-AA5D-1F1AD66C2571}.Debug|Any CPU.ActiveCfg = Debug|Any CPU
		{63796D77-8C24-492F-AA5D-1F1AD66C2571}.Debug|Any CPU.Build.0 = Debug|Any CPU
		{63796D77-8C24-492F-AA5D-1F1AD66C2571}.Release|Any CPU.ActiveCfg = Release|Any CPU
		{63796D77-8C24-492F-AA5D-1F1AD66C2571}.Release|Any CPU.Build.0 = Release|Any CPU
	EndGlobalSection
	GlobalSection(SolutionProperties) = preSolution
		HideSolutionNode = FALSE
	EndGlobalSection
	GlobalSection(ExtensibilityGlobals) = postSolution
		SolutionGuid = {ED16BE0A-4537-4AA3-A96F-952DB1556032}
	EndGlobalSection
EndGlobal
